
Microsoft Visual Studio Solution File, Format Version 12.00
# Visual Studio Version 17
VisualStudioVersion = 17.10.35013.160
MinimumVisualStudioVersion = 10.0.40219.1
Project("{FAE04EC0-301F-11D3-BF4B-00C04F79EFBC}") = "Atea.Task2", "Atea.Task2.csproj", "{CF9A5BDF-C974-4322-AA2D-69AFC4DF267C}"
EndProject
Global
	GlobalSection(SolutionConfigurationPlatforms) = preSolution
		Debug|Any CPU = Debug|Any CPU
		Release|Any CPU = Release|Any CPU
	EndGlobalSection
	GlobalSection(ProjectConfigurationPlatforms) = postSolution
		{CF9A5BDF-C974-4322-AA2D-69AFC4DF267C}.Debug|Any CPU.ActiveCfg = Debug|Any CPU
		{CF9A5BDF-C974-4322-AA2D-69AFC4DF267C}.Debug|Any CPU.Build.0 = Debug|Any CPU
		{CF9A5BDF-C974-4322-AA2D-69AFC4DF267C}.Release|Any CPU.ActiveCfg = Release|Any CPU
		{CF9A5BDF-C974-4322-AA2D-69AFC4DF267C}.Release|Any CPU.Build.0 = Release|Any CPU
	EndGlobalSection
	GlobalSection(SolutionProperties) = preSolution
		HideSolutionNode = FALSE
	EndGlobalSection
	GlobalSection(ExtensibilityGlobals) = postSolution
		SolutionGuid = {2B4C678B-832E-461E-AAC0-0A6152A4501E}
	EndGlobalSection
EndGlobal
